
Microsoft Visual Studio Solution File, Format Version 12.00
# Visual Studio 15
VisualStudioVersion = 15.0.28307.1022
MinimumVisualStudioVersion = 10.0.40219.1
Project("{8BC9CEB8-8B4A-11D0-8D11-00A0C91BC942}") = "124_test_xformat", "124_test_xformat.vcxproj", "{1950167E-B439-4BCF-8B44-D1F358981910}"
EndProject
Global
	GlobalSection(SolutionConfigurationPlatforms) = preSolution
		Debug|x64 = Debug|x64
		Debug|x86 = Debug|x86
		Release|x64 = Release|x64
		Release|x86 = Release|x86
	EndGlobalSection
	GlobalSection(ProjectConfigurationPlatforms) = postSolution
		{1950167E-B439-4BCF-8B44-D1F358981910}.Debug|x64.ActiveCfg = Debug|x64
		{1950167E-B439-4BCF-8B44-D1F358981910}.Debug|x64.Build.0 = Debug|x64
		{1950167E-B439-4BCF-8B44-D1F358981910}.Debug|x86.ActiveCfg = Debug|Win32
		{1950167E-B439-4BCF-8B44-D1F358981910}.Debug|x86.Build.0 = Debug|Win32
		{1950167E-B439-4BCF-8B44-D1F358981910}.Release|x64.ActiveCfg = Release|x64
		{1950167E-B439-4BCF-8B44-D1F358981910}.Release|x64.Build.0 = Release|x64
		{1950167E-B439-4BCF-8B44-D1F358981910}.Release|x86.ActiveCfg = Release|Win32
		{1950167E-B439-4BCF-8B44-D1F358981910}.Release|x86.Build.0 = Release|Win32
	EndGlobalSection
	GlobalSection(SolutionProperties) = preSolution
		HideSolutionNode = FALSE
	EndGlobalSection
	GlobalSection(ExtensibilityGlobals) = postSolution
		SolutionGuid = {0E1E1835-917A-4C05-B4AB-684DB5540233}
	EndGlobalSection
EndGlobal
